
Microsoft Visual Studio Solution File, Format Version 12.00
# Visual Studio Version 17
VisualStudioVersion = 17.3.32901.215
MinimumVisualStudioVersion = 10.0.40219.1
Project("{FAE04EC0-301F-11D3-BF4B-00C04F79EFBC}") = "Variabelen_Constanten", "Variabelen_Constanten\Variabelen_Constanten.csproj", "{5075A74B-0C63-4C9B-953E-167C955ADBB4}"
EndProject
Global
	GlobalSection(SolutionConfigurationPlatforms) = preSolution
		Debug|Any CPU = Debug|Any CPU
		Release|Any CPU = Release|Any CPU
	EndGlobalSection
	GlobalSection(ProjectConfigurationPlatforms) = postSolution
		{5075A74B-0C63-4C9B-953E-167C955ADBB4}.Debug|Any CPU.ActiveCfg = Debug|Any CPU
		{5075A74B-0C63-4C9B-953E-167C955ADBB4}.Debug|Any CPU.Build.0 = Debug|Any CPU
		{5075A74B-0C63-4C9B-953E-167C955ADBB4}.Release|Any CPU.ActiveCfg = Release|Any CPU
		{5075A74B-0C63-4C9B-953E-167C955ADBB4}.Release|Any CPU.Build.0 = Release|Any CPU
	EndGlobalSection
	GlobalSection(SolutionProperties) = preSolution
		HideSolutionNode = FALSE
	EndGlobalSection
	GlobalSection(ExtensibilityGlobals) = postSolution
		SolutionGuid = {196826A6-08A5-4EB2-A47E-5C4A6F9511F9}
	EndGlobalSection
EndGlobal
