
Microsoft Visual Studio Solution File, Format Version 12.00
# Visual Studio Version 17
VisualStudioVersion = 17.3.32901.215
MinimumVisualStudioVersion = 10.0.40219.1
Project("{FAE04EC0-301F-11D3-BF4B-00C04F79EFBC}") = "CirkelBerekeningOef", "CirkelBerekeningOef\CirkelBerekeningOef.csproj", "{45574B2E-B254-465C-8B56-582ACAB4EB24}"
EndProject
Global
	GlobalSection(SolutionConfigurationPlatforms) = preSolution
		Debug|Any CPU = Debug|Any CPU
		Release|Any CPU = Release|Any CPU
	EndGlobalSection
	GlobalSection(ProjectConfigurationPlatforms) = postSolution
		{45574B2E-B254-465C-8B56-582ACAB4EB24}.Debug|Any CPU.ActiveCfg = Debug|Any CPU
		{45574B2E-B254-465C-8B56-582ACAB4EB24}.Debug|Any CPU.Build.0 = Debug|Any CPU
		{45574B2E-B254-465C-8B56-582ACAB4EB24}.Release|Any CPU.ActiveCfg = Release|Any CPU
		{45574B2E-B254-465C-8B56-582ACAB4EB24}.Release|Any CPU.Build.0 = Release|Any CPU
	EndGlobalSection
	GlobalSection(SolutionProperties) = preSolution
		HideSolutionNode = FALSE
	EndGlobalSection
	GlobalSection(ExtensibilityGlobals) = postSolution
		SolutionGuid = {D4338F6F-0C26-4290-9F27-ED7EF02BEB39}
	EndGlobalSection
EndGlobal
